
Microsoft Visual Studio Solution File, Format Version 12.00
# Visual Studio Version 16
VisualStudioVersion = 16.0.30523.141
MinimumVisualStudioVersion = 10.0.40219.1
Project("{FAE04EC0-301F-11D3-BF4B-00C04F79EFBC}") = "Talent.Android", "Talent\Talent.Android\Talent.Android.csproj", "{16CD07A0-9B53-4D22-91EB-E4F5E812F39A}"
EndProject
Project("{FAE04EC0-301F-11D3-BF4B-00C04F79EFBC}") = "Talent.iOS", "Talent\Talent.iOS\Talent.iOS.csproj", "{2BE4DD04-4CB2-4AC4-ACE1-3880D8A68DE1}"
EndProject
Project("{FAE04EC0-301F-11D3-BF4B-00C04F79EFBC}") = "Talent", "Talent\Talent\Talent.csproj", "{D415EB62-1868-4CEE-A412-035B48502D94}"
EndProject
Global
	GlobalSection(SolutionConfigurationPlatforms) = preSolution
		Debug|Any CPU = Debug|Any CPU
		Debug|iPhone = Debug|iPhone
		Debug|iPhoneSimulator = Debug|iPhoneSimulator
		Release|Any CPU = Release|Any CPU
		Release|iPhone = Release|iPhone
		Release|iPhoneSimulator = Release|iPhoneSimulator
	EndGlobalSection
	GlobalSection(ProjectConfigurationPlatforms) = postSolution
		{16CD07A0-9B53-4D22-91EB-E4F5E812F39A}.Debug|Any CPU.ActiveCfg = Debug|Any CPU
		{16CD07A0-9B53-4D22-91EB-E4F5E812F39A}.Debug|Any CPU.Build.0 = Debug|Any CPU
		{16CD07A0-9B53-4D22-91EB-E4F5E812F39A}.Debug|Any CPU.Deploy.0 = Debug|Any CPU
		{16CD07A0-9B53-4D22-91EB-E4F5E812F39A}.Debug|iPhone.ActiveCfg = Debug|Any CPU
		{16CD07A0-9B53-4D22-91EB-E4F5E812F39A}.Debug|iPhone.Build.0 = Debug|Any CPU
		{16CD07A0-9B53-4D22-91EB-E4F5E812F39A}.Debug|iPhone.Deploy.0 = Debug|Any CPU
		{16CD07A0-9B53-4D22-91EB-E4F5E812F39A}.Debug|iPhoneSimulator.ActiveCfg = Debug|Any CPU
		{16CD07A0-9B53-4D22-91EB-E4F5E812F39A}.Debug|iPhoneSimulator.Build.0 = Debug|Any CPU
		{16CD07A0-9B53-4D22-91EB-E4F5E812F39A}.Debug|iPhoneSimulator.Deploy.0 = Debug|Any CPU
		{16CD07A0-9B53-4D22-91EB-E4F5E812F39A}.Release|Any CPU.ActiveCfg = Release|Any CPU
		{16CD07A0-9B53-4D22-91EB-E4F5E812F39A}.Release|Any CPU.Build.0 = Release|Any CPU
		{16CD07A0-9B53-4D22-91EB-E4F5E812F39A}.Release|Any CPU.Deploy.0 = Release|Any CPU
		{16CD07A0-9B53-4D22-91EB-E4F5E812F39A}.Release|iPhone.ActiveCfg = Release|Any CPU
		{16CD07A0-9B53-4D22-91EB-E4F5E812F39A}.Release|iPhone.Build.0 = Release|Any CPU
		{16CD07A0-9B53-4D22-91EB-E4F5E812F39A}.Release|iPhone.Deploy.0 = Release|Any CPU
		{16CD07A0-9B53-4D22-91EB-E4F5E812F39A}.Release|iPhoneSimulator.ActiveCfg = Release|Any CPU
		{16CD07A0-9B53-4D22-91EB-E4F5E812F39A}.Release|iPhoneSimulator.Build.0 = Release|Any CPU
		{16CD07A0-9B53-4D22-91EB-E4F5E812F39A}.Release|iPhoneSimulator.Deploy.0 = Release|Any CPU
		{2BE4DD04-4CB2-4AC4-ACE1-3880D8A68DE1}.Debug|Any CPU.ActiveCfg = Debug|iPhone
		{2BE4DD04-4CB2-4AC4-ACE1-3880D8A68DE1}.Debug|Any CPU.Build.0 = Debug|iPhone
		{2BE4DD04-4CB2-4AC4-ACE1-3880D8A68DE1}.Debug|Any CPU.Deploy.0 = Debug|iPhone
		{2BE4DD04-4CB2-4AC4-ACE1-3880D8A68DE1}.Debug|iPhone.ActiveCfg = Debug|iPhone
		{2BE4DD04-4CB2-4AC4-ACE1-3880D8A68DE1}.Debug|iPhone.Build.0 = Debug|iPhone
		{2BE4DD04-4CB2-4AC4-ACE1-3880D8A68DE1}.Debug|iPhone.Deploy.0 = Debug|iPhone
		{2BE4DD04-4CB2-4AC4-ACE1-3880D8A68DE1}.Debug|iPhoneSimulator.ActiveCfg = Debug|iPhoneSimulator
		{2BE4DD04-4CB2-4AC4-ACE1-3880D8A68DE1}.Debug|iPhoneSimulator.Build.0 = Debug|iPhoneSimulator
		{2BE4DD04-4CB2-4AC4-ACE1-3880D8A68DE1}.Debug|iPhoneSimulator.Deploy.0 = Debug|iPhoneSimulator
		{2BE4DD04-4CB2-4AC4-ACE1-3880D8A68DE1}.Release|Any CPU.ActiveCfg = Release|iPhoneSimulator
		{2BE4DD04-4CB2-4AC4-ACE1-3880D8A68DE1}.Release|Any CPU.Build.0 = Release|iPhoneSimulator
		{2BE4DD04-4CB2-4AC4-ACE1-3880D8A68DE1}.Release|Any CPU.Deploy.0 = Release|iPhoneSimulator
		{2BE4DD04-4CB2-4AC4-ACE1-3880D8A68DE1}.Release|iPhone.ActiveCfg = Release|iPhone
		{2BE4DD04-4CB2-4AC4-ACE1-3880D8A68DE1}.Release|iPhone.Build.0 = Release|iPhone
		{2BE4DD04-4CB2-4AC4-ACE1-3880D8A68DE1}.Release|iPhone.Deploy.0 = Release|iPhone
		{2BE4DD04-4CB2-4AC4-ACE1-3880D8A68DE1}.Release|iPhoneSimulator.ActiveCfg = Release|iPhoneSimulator
		{2BE4DD04-4CB2-4AC4-ACE1-3880D8A68DE1}.Release|iPhoneSimulator.Build.0 = Release|iPhoneSimulator
		{2BE4DD04-4CB2-4AC4-ACE1-3880D8A68DE1}.Release|iPhoneSimulator.Deploy.0 = Release|iPhoneSimulator
		{D415EB62-1868-4CEE-A412-035B48502D94}.Debug|Any CPU.ActiveCfg = Debug|Any CPU
		{D415EB62-1868-4CEE-A412-035B48502D94}.Debug|Any CPU.Build.0 = Debug|Any CPU
		{D415EB62-1868-4CEE-A412-035B48502D94}.Debug|Any CPU.Deploy.0 = Debug|Any CPU
		{D415EB62-1868-4CEE-A412-035B48502D94}.Debug|iPhone.ActiveCfg = Debug|Any CPU
		{D415EB62-1868-4CEE-A412-035B48502D94}.Debug|iPhone.Build.0 = Debug|Any CPU
		{D415EB62-1868-4CEE-A412-035B48502D94}.Debug|iPhone.Deploy.0 = Debug|Any CPU
		{D415EB62-1868-4CEE-A412-035B48502D94}.Debug|iPhoneSimulator.ActiveCfg = Debug|Any CPU
		{D415EB62-1868-4CEE-A412-035B48502D94}.Debug|iPhoneSimulator.Build.0 = Debug|Any CPU
		{D415EB62-1868-4CEE-A412-035B48502D94}.Debug|iPhoneSimulator.Deploy.0 = Debug|Any CPU
		{D415EB62-1868-4CEE-A412-035B48502D94}.Release|Any CPU.ActiveCfg = Release|Any CPU
		{D415EB62-1868-4CEE-A412-035B48502D94}.Release|Any CPU.Build.0 = Release|Any CPU
		{D415EB62-1868-4CEE-A412-035B48502D94}.Release|Any CPU.Deploy.0 = Release|Any CPU
		{D415EB62-1868-4CEE-A412-035B48502D94}.Release|iPhone.ActiveCfg = Release|Any CPU
		{D415EB62-1868-4CEE-A412-035B48502D94}.Release|iPhone.Build.0 = Release|Any CPU
		{D415EB62-1868-4CEE-A412-035B48502D94}.Release|iPhone.Deploy.0 = Release|Any CPU
		{D415EB62-1868-4CEE-A412-035B48502D94}.Release|iPhoneSimulator.ActiveCfg = Release|Any CPU
		{D415EB62-1868-4CEE-A412-035B48502D94}.Release|iPhoneSimulator.Build.0 = Release|Any CPU
		{D415EB62-1868-4CEE-A412-035B48502D94}.Release|iPhoneSimulator.Deploy.0 = Release|Any CPU
	EndGlobalSection
	GlobalSection(SolutionProperties) = preSolution
		HideSolutionNode = FALSE
	EndGlobalSection
	GlobalSection(ExtensibilityGlobals) = postSolution
		SolutionGuid = {4A2BE473-414F-43CD-BC69-FE893190A222}
	EndGlobalSection
EndGlobal
